
Microsoft Visual Studio Solution File, Format Version 12.00
# Visual Studio Version 16
VisualStudioVersion = 16.0.30406.217
MinimumVisualStudioVersion = 10.0.40219.1
Project("{FAE04EC0-301F-11D3-BF4B-00C04F79EFBC}") = "10_14_多线程2", "10_14_多线程2\10_14_多线程2.csproj", "{D260F5EC-9ACC-4ECC-BCD2-D90C3355B2A6}"
EndProject
Global
	GlobalSection(SolutionConfigurationPlatforms) = preSolution
		Debug|Any CPU = Debug|Any CPU
		Release|Any CPU = Release|Any CPU
	EndGlobalSection
	GlobalSection(ProjectConfigurationPlatforms) = postSolution
		{D260F5EC-9ACC-4ECC-BCD2-D90C3355B2A6}.Debug|Any CPU.ActiveCfg = Debug|Any CPU
		{D260F5EC-9ACC-4ECC-BCD2-D90C3355B2A6}.Debug|Any CPU.Build.0 = Debug|Any CPU
		{D260F5EC-9ACC-4ECC-BCD2-D90C3355B2A6}.Release|Any CPU.ActiveCfg = Release|Any CPU
		{D260F5EC-9ACC-4ECC-BCD2-D90C3355B2A6}.Release|Any CPU.Build.0 = Release|Any CPU
	EndGlobalSection
	GlobalSection(SolutionProperties) = preSolution
		HideSolutionNode = FALSE
	EndGlobalSection
	GlobalSection(ExtensibilityGlobals) = postSolution
		SolutionGuid = {21A3E2B3-4B60-4469-B480-8947EDF2B19A}
	EndGlobalSection
EndGlobal
